
Microsoft Visual Studio Solution File, Format Version 12.00
# Visual Studio Version 16
VisualStudioVersion = 16.0.29613.14
MinimumVisualStudioVersion = 10.0.40219.1
Project("{FAE04EC0-301F-11D3-BF4B-00C04F79EFBC}") = "musicapp", "musicapp\musicapp.csproj", "{A5FCA653-EC8B-469D-A747-B62683858F47}"
EndProject
Global
	GlobalSection(SolutionConfigurationPlatforms) = preSolution
		Debug|Any CPU = Debug|Any CPU
		Release|Any CPU = Release|Any CPU
	EndGlobalSection
	GlobalSection(ProjectConfigurationPlatforms) = postSolution
		{A5FCA653-EC8B-469D-A747-B62683858F47}.Debug|Any CPU.ActiveCfg = Debug|Any CPU
		{A5FCA653-EC8B-469D-A747-B62683858F47}.Debug|Any CPU.Build.0 = Debug|Any CPU
		{A5FCA653-EC8B-469D-A747-B62683858F47}.Release|Any CPU.ActiveCfg = Release|Any CPU
		{A5FCA653-EC8B-469D-A747-B62683858F47}.Release|Any CPU.Build.0 = Release|Any CPU
	EndGlobalSection
	GlobalSection(SolutionProperties) = preSolution
		HideSolutionNode = FALSE
	EndGlobalSection
	GlobalSection(ExtensibilityGlobals) = postSolution
		SolutionGuid = {3CCCAB0F-B23C-4649-BC4F-1180987352EF}
	EndGlobalSection
EndGlobal
